
Microsoft Visual Studio Solution File, Format Version 12.00
# Visual Studio Version 17
VisualStudioVersion = 17.2.32516.85
MinimumVisualStudioVersion = 10.0.40219.1
Project("{FAE04EC0-301F-11D3-BF4B-00C04F79EFBC}") = "HW_6", "HW_6.csproj", "{97767594-0DDD-4D1F-AA86-15BFA8F489DC}"
EndProject
Global
	GlobalSection(SolutionConfigurationPlatforms) = preSolution
		Debug|Any CPU = Debug|Any CPU
		Release|Any CPU = Release|Any CPU
	EndGlobalSection
	GlobalSection(ProjectConfigurationPlatforms) = postSolution
		{97767594-0DDD-4D1F-AA86-15BFA8F489DC}.Debug|Any CPU.ActiveCfg = Debug|Any CPU
		{97767594-0DDD-4D1F-AA86-15BFA8F489DC}.Debug|Any CPU.Build.0 = Debug|Any CPU
		{97767594-0DDD-4D1F-AA86-15BFA8F489DC}.Release|Any CPU.ActiveCfg = Release|Any CPU
		{97767594-0DDD-4D1F-AA86-15BFA8F489DC}.Release|Any CPU.Build.0 = Release|Any CPU
	EndGlobalSection
	GlobalSection(SolutionProperties) = preSolution
		HideSolutionNode = FALSE
	EndGlobalSection
	GlobalSection(ExtensibilityGlobals) = postSolution
		SolutionGuid = {5E62E069-6160-40B7-839D-79D5E20D268B}
	EndGlobalSection
EndGlobal
